
Microsoft Visual Studio Solution File, Format Version 12.00
# Visual Studio Version 17
VisualStudioVersion = 17.12.35514.174
MinimumVisualStudioVersion = 10.0.40219.1
Project("{FAE04EC0-301F-11D3-BF4B-00C04F79EFBC}") = "B1_KhaiBaoBien", "B1_KhaiBaoBien\B1_KhaiBaoBien.csproj", "{BC4FE460-7840-449B-BFBE-8B6E5AFD1A20}"
EndProject
Project("{FAE04EC0-301F-11D3-BF4B-00C04F79EFBC}") = "B1_2_NhapXuat", "B1_2_NhapXuat\B1_2_NhapXuat.csproj", "{18F7983E-FA11-41DD-A39C-54AAF40BA559}"
EndProject
Project("{FAE04EC0-301F-11D3-BF4B-00C04F79EFBC}") = "B1_3_ChuyenDoiDuLieu", "B1_3_ChuyenDoiDuLieu\B1_3_ChuyenDoiDuLieu.csproj", "{5D4E45D6-6613-4FC6-80A9-8E39D5A80BB9}"
EndProject
Project("{FAE04EC0-301F-11D3-BF4B-00C04F79EFBC}") = "B1_4_DieuKien_ReNhanh_3Ngoi", "B1_4_DieuKien_ReNhanh_3Ngoi\B1_4_DieuKien_ReNhanh_3Ngoi.csproj", "{DDC8D1BC-CFE2-4644-A254-45B35CB76111}"
EndProject
Project("{FAE04EC0-301F-11D3-BF4B-00C04F79EFBC}") = "B2_VongLap", "B2_VongLap\B2_VongLap.csproj", "{FAE9A072-3764-412D-8176-0169E35A1CC6}"
EndProject
Project("{FAE04EC0-301F-11D3-BF4B-00C04F79EFBC}") = "B2_1_Menu_Lap", "B2_1_Menu_Lap\B2_1_Menu_Lap.csproj", "{347022AA-C1A3-4956-B16D-69CC7FDFE690}"
EndProject
Project("{FAE04EC0-301F-11D3-BF4B-00C04F79EFBC}") = "B3_OOP_DongGoi", "B3_OOP_DongGoi\B3_OOP_DongGoi.csproj", "{EF7B69A0-B033-4D54-B8A0-935E1E57E25D}"
EndProject
Project("{FAE04EC0-301F-11D3-BF4B-00C04F79EFBC}") = "B3_TapHop", "B3_TapHop\B3_TapHop.csproj", "{BD82CDEB-7412-4940-A0A2-E5D17F35C5CD}"
EndProject
Global
	GlobalSection(SolutionConfigurationPlatforms) = preSolution
		Debug|Any CPU = Debug|Any CPU
		Release|Any CPU = Release|Any CPU
	EndGlobalSection
	GlobalSection(ProjectConfigurationPlatforms) = postSolution
		{BC4FE460-7840-449B-BFBE-8B6E5AFD1A20}.Debug|Any CPU.ActiveCfg = Debug|Any CPU
		{BC4FE460-7840-449B-BFBE-8B6E5AFD1A20}.Debug|Any CPU.Build.0 = Debug|Any CPU
		{BC4FE460-7840-449B-BFBE-8B6E5AFD1A20}.Release|Any CPU.ActiveCfg = Release|Any CPU
		{BC4FE460-7840-449B-BFBE-8B6E5AFD1A20}.Release|Any CPU.Build.0 = Release|Any CPU
		{18F7983E-FA11-41DD-A39C-54AAF40BA559}.Debug|Any CPU.ActiveCfg = Debug|Any CPU
		{18F7983E-FA11-41DD-A39C-54AAF40BA559}.Debug|Any CPU.Build.0 = Debug|Any CPU
		{18F7983E-FA11-41DD-A39C-54AAF40BA559}.Release|Any CPU.ActiveCfg = Release|Any CPU
		{18F7983E-FA11-41DD-A39C-54AAF40BA559}.Release|Any CPU.Build.0 = Release|Any CPU
		{5D4E45D6-6613-4FC6-80A9-8E39D5A80BB9}.Debug|Any CPU.ActiveCfg = Debug|Any CPU
		{5D4E45D6-6613-4FC6-80A9-8E39D5A80BB9}.Debug|Any CPU.Build.0 = Debug|Any CPU
		{5D4E45D6-6613-4FC6-80A9-8E39D5A80BB9}.Release|Any CPU.ActiveCfg = Release|Any CPU
		{5D4E45D6-6613-4FC6-80A9-8E39D5A80BB9}.Release|Any CPU.Build.0 = Release|Any CPU
		{DDC8D1BC-CFE2-4644-A254-45B35CB76111}.Debug|Any CPU.ActiveCfg = Debug|Any CPU
		{DDC8D1BC-CFE2-4644-A254-45B35CB76111}.Debug|Any CPU.Build.0 = Debug|Any CPU
		{DDC8D1BC-CFE2-4644-A254-45B35CB76111}.Release|Any CPU.ActiveCfg = Release|Any CPU
		{DDC8D1BC-CFE2-4644-A254-45B35CB76111}.Release|Any CPU.Build.0 = Release|Any CPU
		{FAE9A072-3764-412D-8176-0169E35A1CC6}.Debug|Any CPU.ActiveCfg = Debug|Any CPU
		{FAE9A072-3764-412D-8176-0169E35A1CC6}.Debug|Any CPU.Build.0 = Debug|Any CPU
		{FAE9A072-3764-412D-8176-0169E35A1CC6}.Release|Any CPU.ActiveCfg = Release|Any CPU
		{FAE9A072-3764-412D-8176-0169E35A1CC6}.Release|Any CPU.Build.0 = Release|Any CPU
		{347022AA-C1A3-4956-B16D-69CC7FDFE690}.Debug|Any CPU.ActiveCfg = Debug|Any CPU
		{347022AA-C1A3-4956-B16D-69CC7FDFE690}.Debug|Any CPU.Build.0 = Debug|Any CPU
		{347022AA-C1A3-4956-B16D-69CC7FDFE690}.Release|Any CPU.ActiveCfg = Release|Any CPU
		{347022AA-C1A3-4956-B16D-69CC7FDFE690}.Release|Any CPU.Build.0 = Release|Any CPU
		{EF7B69A0-B033-4D54-B8A0-935E1E57E25D}.Debug|Any CPU.ActiveCfg = Debug|Any CPU
		{EF7B69A0-B033-4D54-B8A0-935E1E57E25D}.Debug|Any CPU.Build.0 = Debug|Any CPU
		{EF7B69A0-B033-4D54-B8A0-935E1E57E25D}.Release|Any CPU.ActiveCfg = Release|Any CPU
		{EF7B69A0-B033-4D54-B8A0-935E1E57E25D}.Release|Any CPU.Build.0 = Release|Any CPU
		{BD82CDEB-7412-4940-A0A2-E5D17F35C5CD}.Debug|Any CPU.ActiveCfg = Debug|Any CPU
		{BD82CDEB-7412-4940-A0A2-E5D17F35C5CD}.Debug|Any CPU.Build.0 = Debug|Any CPU
		{BD82CDEB-7412-4940-A0A2-E5D17F35C5CD}.Release|Any CPU.ActiveCfg = Release|Any CPU
		{BD82CDEB-7412-4940-A0A2-E5D17F35C5CD}.Release|Any CPU.Build.0 = Release|Any CPU
	EndGlobalSection
	GlobalSection(SolutionProperties) = preSolution
		HideSolutionNode = FALSE
	EndGlobalSection
EndGlobal
